
Microsoft Visual Studio Solution File, Format Version 12.00
# Visual Studio Version 17
VisualStudioVersion = 17.0.31903.59
MinimumVisualStudioVersion = 10.0.40219.1
Project("{2150E333-8FDC-42A3-9474-1A3956D46DE8}") = "src", "src", "{79DD39C3-4346-4A09-9553-27FC2A980286}"
EndProject
Project("{FAE04EC0-301F-11D3-BF4B-00C04F79EFBC}") = "VaporVault.App", "src\VaporVault.App\VaporVault.App.csproj", "{6EBAC5B3-5880-49AB-8FF8-20FB33797A1A}"
EndProject
Project("{FAE04EC0-301F-11D3-BF4B-00C04F79EFBC}") = "VaporVault.Core", "src\VaporVault.Core\VaporVault.Core.csproj", "{FBE220C4-639B-45B9-AF9D-8CA4277C69F6}"
EndProject
Project("{2150E333-8FDC-42A3-9474-1A3956D46DE8}") = "tests", "tests", "{657A6991-8697-4A38-A12A-D0CFDD6BDC34}"
EndProject
Project("{FAE04EC0-301F-11D3-BF4B-00C04F79EFBC}") = "VaporVault.Core.Tests", "tests\VaporVault.Core.Tests\VaporVault.Core.Tests.csproj", "{D09A50E6-CBB1-4C73-81A2-2DB2A453FE80}"
EndProject
Global
	GlobalSection(SolutionConfigurationPlatforms) = preSolution
		Debug|Any CPU = Debug|Any CPU
		Release|Any CPU = Release|Any CPU
	EndGlobalSection
	GlobalSection(SolutionProperties) = preSolution
		HideSolutionNode = FALSE
	EndGlobalSection
	GlobalSection(ProjectConfigurationPlatforms) = postSolution
		{6EBAC5B3-5880-49AB-8FF8-20FB33797A1A}.Debug|Any CPU.ActiveCfg = Debug|x86
		{6EBAC5B3-5880-49AB-8FF8-20FB33797A1A}.Debug|Any CPU.Build.0 = Debug|x86
		{6EBAC5B3-5880-49AB-8FF8-20FB33797A1A}.Release|Any CPU.ActiveCfg = Release|x86
		{6EBAC5B3-5880-49AB-8FF8-20FB33797A1A}.Release|Any CPU.Build.0 = Release|x86
		{FBE220C4-639B-45B9-AF9D-8CA4277C69F6}.Debug|Any CPU.ActiveCfg = Debug|Any CPU
		{FBE220C4-639B-45B9-AF9D-8CA4277C69F6}.Debug|Any CPU.Build.0 = Debug|Any CPU
		{FBE220C4-639B-45B9-AF9D-8CA4277C69F6}.Release|Any CPU.ActiveCfg = Release|Any CPU
		{FBE220C4-639B-45B9-AF9D-8CA4277C69F6}.Release|Any CPU.Build.0 = Release|Any CPU
		{D09A50E6-CBB1-4C73-81A2-2DB2A453FE80}.Debug|Any CPU.ActiveCfg = Debug|Any CPU
		{D09A50E6-CBB1-4C73-81A2-2DB2A453FE80}.Debug|Any CPU.Build.0 = Debug|Any CPU
		{D09A50E6-CBB1-4C73-81A2-2DB2A453FE80}.Release|Any CPU.ActiveCfg = Release|Any CPU
		{D09A50E6-CBB1-4C73-81A2-2DB2A453FE80}.Release|Any CPU.Build.0 = Release|Any CPU
	EndGlobalSection
	GlobalSection(NestedProjects) = preSolution
		{6EBAC5B3-5880-49AB-8FF8-20FB33797A1A} = {79DD39C3-4346-4A09-9553-27FC2A980286}
		{FBE220C4-639B-45B9-AF9D-8CA4277C69F6} = {79DD39C3-4346-4A09-9553-27FC2A980286}
		{D09A50E6-CBB1-4C73-81A2-2DB2A453FE80} = {657A6991-8697-4A38-A12A-D0CFDD6BDC34}
	EndGlobalSection
EndGlobal
